
Microsoft Visual Studio Solution File, Format Version 12.00
# Visual Studio 15
VisualStudioVersion = 15.0.28010.2046
MinimumVisualStudioVersion = 10.0.40219.1
Project("{FAE04EC0-301F-11D3-BF4B-00C04F79EFBC}") = "Modules", "Modules\Modules.csproj", "{22BC9443-DC9D-4E30-9124-9A8572B8F34F}"
EndProject
Project("{FAE04EC0-301F-11D3-BF4B-00C04F79EFBC}") = "Modules.Base", "Modules.Base\Modules.Base.csproj", "{B9C4C418-1EB4-4B9E-A2B7-498273296862}"
EndProject
Project("{FAE04EC0-301F-11D3-BF4B-00C04F79EFBC}") = "Modules.Manager", "Modules.Manager\Modules.Manager.csproj", "{9AC500B0-2709-4713-9A08-3119645F87DD}"
EndProject
Project("{FAE04EC0-301F-11D3-BF4B-00C04F79EFBC}") = "Modules.Repository", "Modules.Repository\Modules.Repository.csproj", "{FC2546CC-5B53-4448-B913-33774B18B6CE}"
EndProject
Project("{FAE04EC0-301F-11D3-BF4B-00C04F79EFBC}") = "MathTools", "MathTools\MathTools.csproj", "{4425BB72-D351-4EDA-A5B0-6F9CFB445879}"
EndProject
Project("{FAE04EC0-301F-11D3-BF4B-00C04F79EFBC}") = "Modules.Logic", "Modules.Logic\Modules.Logic.csproj", "{6A8B13B8-7360-4520-BA90-FDA857864071}"
EndProject
Project("{FAE04EC0-301F-11D3-BF4B-00C04F79EFBC}") = "Modules.API", "Modules.API\Modules.API.csproj", "{5A146ACE-7B22-46FC-B17B-72E174F4443E}"
EndProject
Project("{FAE04EC0-301F-11D3-BF4B-00C04F79EFBC}") = "Modules.ManagerTests", "Modules.ManagerTests\Modules.ManagerTests.csproj", "{35E455E7-DB65-45E8-B993-FDA9ABC40A89}"
EndProject
Global
	GlobalSection(SolutionConfigurationPlatforms) = preSolution
		Debug|Any CPU = Debug|Any CPU
		Release|Any CPU = Release|Any CPU
	EndGlobalSection
	GlobalSection(ProjectConfigurationPlatforms) = postSolution
		{22BC9443-DC9D-4E30-9124-9A8572B8F34F}.Debug|Any CPU.ActiveCfg = Debug|Any CPU
		{22BC9443-DC9D-4E30-9124-9A8572B8F34F}.Debug|Any CPU.Build.0 = Debug|Any CPU
		{22BC9443-DC9D-4E30-9124-9A8572B8F34F}.Release|Any CPU.ActiveCfg = Release|Any CPU
		{22BC9443-DC9D-4E30-9124-9A8572B8F34F}.Release|Any CPU.Build.0 = Release|Any CPU
		{B9C4C418-1EB4-4B9E-A2B7-498273296862}.Debug|Any CPU.ActiveCfg = Debug|Any CPU
		{B9C4C418-1EB4-4B9E-A2B7-498273296862}.Debug|Any CPU.Build.0 = Debug|Any CPU
		{B9C4C418-1EB4-4B9E-A2B7-498273296862}.Release|Any CPU.ActiveCfg = Release|Any CPU
		{B9C4C418-1EB4-4B9E-A2B7-498273296862}.Release|Any CPU.Build.0 = Release|Any CPU
		{9AC500B0-2709-4713-9A08-3119645F87DD}.Debug|Any CPU.ActiveCfg = Debug|Any CPU
		{9AC500B0-2709-4713-9A08-3119645F87DD}.Debug|Any CPU.Build.0 = Debug|Any CPU
		{9AC500B0-2709-4713-9A08-3119645F87DD}.Release|Any CPU.ActiveCfg = Release|Any CPU
		{9AC500B0-2709-4713-9A08-3119645F87DD}.Release|Any CPU.Build.0 = Release|Any CPU
		{FC2546CC-5B53-4448-B913-33774B18B6CE}.Debug|Any CPU.ActiveCfg = Debug|Any CPU
		{FC2546CC-5B53-4448-B913-33774B18B6CE}.Debug|Any CPU.Build.0 = Debug|Any CPU
		{FC2546CC-5B53-4448-B913-33774B18B6CE}.Release|Any CPU.ActiveCfg = Release|Any CPU
		{FC2546CC-5B53-4448-B913-33774B18B6CE}.Release|Any CPU.Build.0 = Release|Any CPU
		{4425BB72-D351-4EDA-A5B0-6F9CFB445879}.Debug|Any CPU.ActiveCfg = Debug|Any CPU
		{4425BB72-D351-4EDA-A5B0-6F9CFB445879}.Debug|Any CPU.Build.0 = Debug|Any CPU
		{4425BB72-D351-4EDA-A5B0-6F9CFB445879}.Release|Any CPU.ActiveCfg = Release|Any CPU
		{4425BB72-D351-4EDA-A5B0-6F9CFB445879}.Release|Any CPU.Build.0 = Release|Any CPU
		{6A8B13B8-7360-4520-BA90-FDA857864071}.Debug|Any CPU.ActiveCfg = Debug|Any CPU
		{6A8B13B8-7360-4520-BA90-FDA857864071}.Debug|Any CPU.Build.0 = Debug|Any CPU
		{6A8B13B8-7360-4520-BA90-FDA857864071}.Release|Any CPU.ActiveCfg = Release|Any CPU
		{6A8B13B8-7360-4520-BA90-FDA857864071}.Release|Any CPU.Build.0 = Release|Any CPU
		{5A146ACE-7B22-46FC-B17B-72E174F4443E}.Debug|Any CPU.ActiveCfg = Debug|Any CPU
		{5A146ACE-7B22-46FC-B17B-72E174F4443E}.Debug|Any CPU.Build.0 = Debug|Any CPU
		{5A146ACE-7B22-46FC-B17B-72E174F4443E}.Release|Any CPU.ActiveCfg = Release|Any CPU
		{5A146ACE-7B22-46FC-B17B-72E174F4443E}.Release|Any CPU.Build.0 = Release|Any CPU
		{35E455E7-DB65-45E8-B993-FDA9ABC40A89}.Debug|Any CPU.ActiveCfg = Debug|Any CPU
		{35E455E7-DB65-45E8-B993-FDA9ABC40A89}.Debug|Any CPU.Build.0 = Debug|Any CPU
		{35E455E7-DB65-45E8-B993-FDA9ABC40A89}.Release|Any CPU.ActiveCfg = Release|Any CPU
		{35E455E7-DB65-45E8-B993-FDA9ABC40A89}.Release|Any CPU.Build.0 = Release|Any CPU
	EndGlobalSection
	GlobalSection(SolutionProperties) = preSolution
		HideSolutionNode = FALSE
	EndGlobalSection
	GlobalSection(ExtensibilityGlobals) = postSolution
		SolutionGuid = {83105585-AC49-4FBD-B105-605B23793919}
	EndGlobalSection
EndGlobal
